
Microsoft Visual Studio Solution File, Format Version 12.00
# Visual Studio Version 16
VisualStudioVersion = 16.0.31729.503
MinimumVisualStudioVersion = 10.0.40219.1
Project("{FAE04EC0-301F-11D3-BF4B-00C04F79EFBC}") = "CTicTacToe", "CTicTacToe\CTicTacToe.csproj", "{4CD0C115-2EEF-4676-9B30-0A678A825355}"
EndProject
Global
	GlobalSection(SolutionConfigurationPlatforms) = preSolution
		Debug|Any CPU = Debug|Any CPU
		Release|Any CPU = Release|Any CPU
	EndGlobalSection
	GlobalSection(ProjectConfigurationPlatforms) = postSolution
		{4CD0C115-2EEF-4676-9B30-0A678A825355}.Debug|Any CPU.ActiveCfg = Debug|Any CPU
		{4CD0C115-2EEF-4676-9B30-0A678A825355}.Debug|Any CPU.Build.0 = Debug|Any CPU
		{4CD0C115-2EEF-4676-9B30-0A678A825355}.Release|Any CPU.ActiveCfg = Release|Any CPU
		{4CD0C115-2EEF-4676-9B30-0A678A825355}.Release|Any CPU.Build.0 = Release|Any CPU
	EndGlobalSection
	GlobalSection(SolutionProperties) = preSolution
		HideSolutionNode = FALSE
	EndGlobalSection
	GlobalSection(ExtensibilityGlobals) = postSolution
		SolutionGuid = {5B979116-3F3D-4D87-AE9E-229597F69333}
	EndGlobalSection
EndGlobal
